{
  "name": "@asdiadi/test-repo",
  "version": "1.0.0",
  "lockfileVersion": 3,
  "requires": true,
  "packages": {
    "": {
      "name": "@asdiadi/test-repo",
      "version": "1.0.0",
      "license": "MIT",
      "bin": {
        "test-repo": "bin/cli.js"
      },
      "engines": {
        "node": ">=18"
      }
    }
  }
}
